
Microsoft Visual Studio Solution File, Format Version 12.00
# Visual Studio Version 17
VisualStudioVersion = 17.4.33205.214
MinimumVisualStudioVersion = 10.0.40219.1
Project("{9A19103F-16F7-4668-BE54-9A1E7A4F7556}") = "Data types", "Data types\Data types.csproj", "{AEFF4156-BB14-4B19-9CB6-1D241087CAD4}"
EndProject
Project("{9A19103F-16F7-4668-BE54-9A1E7A4F7556}") = "Arithmetic operations", "Arithmetic operations\Arithmetic operations.csproj", "{D558B08E-65FA-4774-B00E-2C094C59A672}"
EndProject
Project("{9A19103F-16F7-4668-BE54-9A1E7A4F7556}") = "Logical operators", "Logical operators\Logical operators.csproj", "{E9C2E312-44B4-4A75-AC2C-3AB3F7A022E9}"
EndProject
Project("{9A19103F-16F7-4668-BE54-9A1E7A4F7556}") = "Convertation", "Convertation\Convertation.csproj", "{3DE98A6F-C5CB-49DB-89E9-90965ADA9C29}"
EndProject
Project("{9A19103F-16F7-4668-BE54-9A1E7A4F7556}") = "Console and String formatting", "Console\Console and String formatting.csproj", "{36F04796-E324-4541-A8BC-D8CB106BB06E}"
EndProject
Project("{9A19103F-16F7-4668-BE54-9A1E7A4F7556}") = "Increment and Decrement", "Increment and Decrement\Increment and Decrement.csproj", "{09739D5F-D4F9-4D41-897C-A4020133A1B4}"
EndProject
Project("{2150E333-8FDC-42A3-9474-1A3956D46DE8}") = "service", "service", "{67186A2A-031E-4B97-B51C-939CAF850E20}"
EndProject
Project("{9A19103F-16F7-4668-BE54-9A1E7A4F7556}") = "Rename", "Rename\Rename.csproj", "{00BF86EF-D8E9-4B18-A848-57FB630851B2}"
EndProject
Project("{9A19103F-16F7-4668-BE54-9A1E7A4F7556}") = "0", "Small project(0)\0.csproj", "{609E7253-0104-4CEB-BB78-0D62F61EF69A}"
EndProject
Project("{2150E333-8FDC-42A3-9474-1A3956D46DE8}") = "Small projects", "Small projects", "{19C3DA76-D55E-4E44-BCE0-07BC181C8BA8}"
EndProject
Project("{9A19103F-16F7-4668-BE54-9A1E7A4F7556}") = "1", "1\1.csproj", "{F6ABBE78-8FCA-4AEE-96CF-80D56734119D}"
EndProject
Project("{9A19103F-16F7-4668-BE54-9A1E7A4F7556}") = "Conditional constructs", "Conditional constructs\Conditional constructs.csproj", "{F256C314-78A1-4148-933E-3CB55DA677BB}"
EndProject
Project("{9A19103F-16F7-4668-BE54-9A1E7A4F7556}") = "2", "2\2.csproj", "{CBAFB01F-8C5F-45AB-89DA-70CD8C90F43D}"
EndProject
Project("{9A19103F-16F7-4668-BE54-9A1E7A4F7556}") = "Cycles", "Cycles\Cycles.csproj", "{43D1B656-5500-47CA-B7A4-B10F75CDD2B5}"
EndProject
Project("{9A19103F-16F7-4668-BE54-9A1E7A4F7556}") = "3", "3\3.csproj", "{52AB2EEF-6593-410A-AC33-C69BB069A2A3}"
EndProject
Project("{9A19103F-16F7-4668-BE54-9A1E7A4F7556}") = "4", "4\4.csproj", "{667B7C98-2DFB-4F24-9898-2026E5BF3018}"
EndProject
Project("{9A19103F-16F7-4668-BE54-9A1E7A4F7556}") = "Random", "Random\Random.csproj", "{941DF647-D876-4A4F-A92A-AD0ABF4B4FA2}"
EndProject
Project("{9A19103F-16F7-4668-BE54-9A1E7A4F7556}") = "5", "5\5.csproj", "{34D67AA1-C947-4B13-92F0-7F98CCC44EA0}"
EndProject
Project("{9A19103F-16F7-4668-BE54-9A1E7A4F7556}") = "6", "6\6.csproj", "{EB0556E3-E220-4765-9157-BB10B63D9AEF}"
EndProject
Project("{9A19103F-16F7-4668-BE54-9A1E7A4F7556}") = "Arrays", "Arrays\Arrays.csproj", "{A0EC0BD0-A4BA-4F9B-8C47-2F8ECB67166C}"
EndProject
Project("{9A19103F-16F7-4668-BE54-9A1E7A4F7556}") = "7", "7\7.csproj", "{0659BD1B-0FF8-428C-A4D8-B4F389E39896}"
EndProject
Project("{9A19103F-16F7-4668-BE54-9A1E7A4F7556}") = "8", "8\8.csproj", "{CED7F51D-EA1C-4099-A5A5-C0202181C819}"
EndProject
Project("{9A19103F-16F7-4668-BE54-9A1E7A4F7556}") = "9", "9\9.csproj", "{26A9B179-89B9-4C7A-8576-2D8C5A4D55E7}"
EndProject
Project("{9A19103F-16F7-4668-BE54-9A1E7A4F7556}") = "Functions", "Functions\Functions.csproj", "{8DF9407C-23B0-40B0-B926-6480CDA6DAB1}"
EndProject
Project("{9A19103F-16F7-4668-BE54-9A1E7A4F7556}") = "Overloading", "Overloading\Overloading.csproj", "{B11099C7-42DA-44B7-904C-AC1B5856E843}"
EndProject
Project("{9A19103F-16F7-4668-BE54-9A1E7A4F7556}") = "10", "10\10.csproj", "{C266647A-C0A0-4DF1-8B23-16BC415AB31D}"
EndProject
Project("{9A19103F-16F7-4668-BE54-9A1E7A4F7556}") = "Pacman(10)", "Pacman\Pacman(10).csproj", "{ACFC294A-4E52-4254-A54A-F94D6FD56ED6}"
EndProject
Project("{9A19103F-16F7-4668-BE54-9A1E7A4F7556}") = "List", "List\List.csproj", "{2F4D6712-E0E2-42FE-9550-8C8C26935B05}"
EndProject
Project("{9A19103F-16F7-4668-BE54-9A1E7A4F7556}") = "Queue", "Queue\Queue.csproj", "{44DB8D54-4AF0-4E1E-90CE-011ED4074E58}"
EndProject
Project("{9A19103F-16F7-4668-BE54-9A1E7A4F7556}") = "Stack", "Stack\Stack.csproj", "{E6752209-A4B1-4858-8C85-DA552241B946}"
EndProject
Project("{9A19103F-16F7-4668-BE54-9A1E7A4F7556}") = "Dictionary", "Dictionary\Dictionary.csproj", "{B1C29481-701D-4593-A5C9-EEAF25A83C84}"
EndProject
Project("{9A19103F-16F7-4668-BE54-9A1E7A4F7556}") = "OOP", "OOP\OOP.csproj", "{7394FD79-DC74-49C1-BF98-5DA381661C27}"
EndProject
Project("{9A19103F-16F7-4668-BE54-9A1E7A4F7556}") = "11", "11\11.csproj", "{07DCD80A-7445-4F15-BF22-5D6C3261081E}"
EndProject
Project("{9A19103F-16F7-4668-BE54-9A1E7A4F7556}") = "Is-a(inheritance)", "Is-a(inheritance)\Is-a(inheritance).csproj", "{F1782D31-F095-41B2-B8E2-09B817A1A09A}"
EndProject
Project("{9A19103F-16F7-4668-BE54-9A1E7A4F7556}") = "Encapsulation", "Encapsulation\Encapsulation.csproj", "{F1A13BFD-E004-4266-B0B4-BDFE1EA18947}"
EndProject
Project("{9A19103F-16F7-4668-BE54-9A1E7A4F7556}") = "Has-a", "Has-a\Has-a.csproj", "{265657F6-FFFE-4902-AD16-D59E24B91FA5}"
EndProject
Project("{9A19103F-16F7-4668-BE54-9A1E7A4F7556}") = "12", "12\12.csproj", "{86F901A2-5983-4F42-A0E5-92DF35F8BCF5}"
EndProject
Project("{FAE04EC0-301F-11D3-BF4B-00C04F79EFBC}") = "13", "13\13.csproj", "{D0E561C9-0E4F-4F79-84FE-9F1527BA65CE}"
EndProject
Project("{FAE04EC0-301F-11D3-BF4B-00C04F79EFBC}") = "Virtual methods", "Virtual methods\Virtual methods.csproj", "{484F8DAF-BB31-4501-9C87-5635946EBA60}"
EndProject
Global
	GlobalSection(SolutionConfigurationPlatforms) = preSolution
		Debug|Any CPU = Debug|Any CPU
		Release|Any CPU = Release|Any CPU
	EndGlobalSection
	GlobalSection(ProjectConfigurationPlatforms) = postSolution
		{AEFF4156-BB14-4B19-9CB6-1D241087CAD4}.Debug|Any CPU.ActiveCfg = Debug|Any CPU
		{AEFF4156-BB14-4B19-9CB6-1D241087CAD4}.Debug|Any CPU.Build.0 = Debug|Any CPU
		{AEFF4156-BB14-4B19-9CB6-1D241087CAD4}.Release|Any CPU.ActiveCfg = Release|Any CPU
		{AEFF4156-BB14-4B19-9CB6-1D241087CAD4}.Release|Any CPU.Build.0 = Release|Any CPU
		{D558B08E-65FA-4774-B00E-2C094C59A672}.Debug|Any CPU.ActiveCfg = Debug|Any CPU
		{D558B08E-65FA-4774-B00E-2C094C59A672}.Debug|Any CPU.Build.0 = Debug|Any CPU
		{D558B08E-65FA-4774-B00E-2C094C59A672}.Release|Any CPU.ActiveCfg = Release|Any CPU
		{D558B08E-65FA-4774-B00E-2C094C59A672}.Release|Any CPU.Build.0 = Release|Any CPU
		{E9C2E312-44B4-4A75-AC2C-3AB3F7A022E9}.Debug|Any CPU.ActiveCfg = Debug|Any CPU
		{E9C2E312-44B4-4A75-AC2C-3AB3F7A022E9}.Debug|Any CPU.Build.0 = Debug|Any CPU
		{E9C2E312-44B4-4A75-AC2C-3AB3F7A022E9}.Release|Any CPU.ActiveCfg = Release|Any CPU
		{E9C2E312-44B4-4A75-AC2C-3AB3F7A022E9}.Release|Any CPU.Build.0 = Release|Any CPU
		{3DE98A6F-C5CB-49DB-89E9-90965ADA9C29}.Debug|Any CPU.ActiveCfg = Debug|Any CPU
		{3DE98A6F-C5CB-49DB-89E9-90965ADA9C29}.Debug|Any CPU.Build.0 = Debug|Any CPU
		{3DE98A6F-C5CB-49DB-89E9-90965ADA9C29}.Release|Any CPU.ActiveCfg = Release|Any CPU
		{3DE98A6F-C5CB-49DB-89E9-90965ADA9C29}.Release|Any CPU.Build.0 = Release|Any CPU
		{36F04796-E324-4541-A8BC-D8CB106BB06E}.Debug|Any CPU.ActiveCfg = Debug|Any CPU
		{36F04796-E324-4541-A8BC-D8CB106BB06E}.Debug|Any CPU.Build.0 = Debug|Any CPU
		{36F04796-E324-4541-A8BC-D8CB106BB06E}.Release|Any CPU.ActiveCfg = Release|Any CPU
		{36F04796-E324-4541-A8BC-D8CB106BB06E}.Release|Any CPU.Build.0 = Release|Any CPU
		{09739D5F-D4F9-4D41-897C-A4020133A1B4}.Debug|Any CPU.ActiveCfg = Debug|Any CPU
		{09739D5F-D4F9-4D41-897C-A4020133A1B4}.Debug|Any CPU.Build.0 = Debug|Any CPU
		{09739D5F-D4F9-4D41-897C-A4020133A1B4}.Release|Any CPU.ActiveCfg = Release|Any CPU
		{09739D5F-D4F9-4D41-897C-A4020133A1B4}.Release|Any CPU.Build.0 = Release|Any CPU
		{00BF86EF-D8E9-4B18-A848-57FB630851B2}.Debug|Any CPU.ActiveCfg = Debug|Any CPU
		{00BF86EF-D8E9-4B18-A848-57FB630851B2}.Debug|Any CPU.Build.0 = Debug|Any CPU
		{00BF86EF-D8E9-4B18-A848-57FB630851B2}.Release|Any CPU.ActiveCfg = Release|Any CPU
		{00BF86EF-D8E9-4B18-A848-57FB630851B2}.Release|Any CPU.Build.0 = Release|Any CPU
		{609E7253-0104-4CEB-BB78-0D62F61EF69A}.Debug|Any CPU.ActiveCfg = Debug|Any CPU
		{609E7253-0104-4CEB-BB78-0D62F61EF69A}.Debug|Any CPU.Build.0 = Debug|Any CPU
		{609E7253-0104-4CEB-BB78-0D62F61EF69A}.Release|Any CPU.ActiveCfg = Release|Any CPU
		{609E7253-0104-4CEB-BB78-0D62F61EF69A}.Release|Any CPU.Build.0 = Release|Any CPU
		{F6ABBE78-8FCA-4AEE-96CF-80D56734119D}.Debug|Any CPU.ActiveCfg = Debug|Any CPU
		{F6ABBE78-8FCA-4AEE-96CF-80D56734119D}.Debug|Any CPU.Build.0 = Debug|Any CPU
		{F6ABBE78-8FCA-4AEE-96CF-80D56734119D}.Release|Any CPU.ActiveCfg = Release|Any CPU
		{F6ABBE78-8FCA-4AEE-96CF-80D56734119D}.Release|Any CPU.Build.0 = Release|Any CPU
		{F256C314-78A1-4148-933E-3CB55DA677BB}.Debug|Any CPU.ActiveCfg = Debug|Any CPU
		{F256C314-78A1-4148-933E-3CB55DA677BB}.Debug|Any CPU.Build.0 = Debug|Any CPU
		{F256C314-78A1-4148-933E-3CB55DA677BB}.Release|Any CPU.ActiveCfg = Release|Any CPU
		{F256C314-78A1-4148-933E-3CB55DA677BB}.Release|Any CPU.Build.0 = Release|Any CPU
		{CBAFB01F-8C5F-45AB-89DA-70CD8C90F43D}.Debug|Any CPU.ActiveCfg = Debug|Any CPU
		{CBAFB01F-8C5F-45AB-89DA-70CD8C90F43D}.Debug|Any CPU.Build.0 = Debug|Any CPU
		{CBAFB01F-8C5F-45AB-89DA-70CD8C90F43D}.Release|Any CPU.ActiveCfg = Release|Any CPU
		{CBAFB01F-8C5F-45AB-89DA-70CD8C90F43D}.Release|Any CPU.Build.0 = Release|Any CPU
		{43D1B656-5500-47CA-B7A4-B10F75CDD2B5}.Debug|Any CPU.ActiveCfg = Debug|Any CPU
		{43D1B656-5500-47CA-B7A4-B10F75CDD2B5}.Debug|Any CPU.Build.0 = Debug|Any CPU
		{43D1B656-5500-47CA-B7A4-B10F75CDD2B5}.Release|Any CPU.ActiveCfg = Release|Any CPU
		{43D1B656-5500-47CA-B7A4-B10F75CDD2B5}.Release|Any CPU.Build.0 = Release|Any CPU
		{52AB2EEF-6593-410A-AC33-C69BB069A2A3}.Debug|Any CPU.ActiveCfg = Debug|Any CPU
		{52AB2EEF-6593-410A-AC33-C69BB069A2A3}.Debug|Any CPU.Build.0 = Debug|Any CPU
		{52AB2EEF-6593-410A-AC33-C69BB069A2A3}.Release|Any CPU.ActiveCfg = Release|Any CPU
		{52AB2EEF-6593-410A-AC33-C69BB069A2A3}.Release|Any CPU.Build.0 = Release|Any CPU
		{667B7C98-2DFB-4F24-9898-2026E5BF3018}.Debug|Any CPU.ActiveCfg = Debug|Any CPU
		{667B7C98-2DFB-4F24-9898-2026E5BF3018}.Debug|Any CPU.Build.0 = Debug|Any CPU
		{667B7C98-2DFB-4F24-9898-2026E5BF3018}.Release|Any CPU.ActiveCfg = Release|Any CPU
		{667B7C98-2DFB-4F24-9898-2026E5BF3018}.Release|Any CPU.Build.0 = Release|Any CPU
		{941DF647-D876-4A4F-A92A-AD0ABF4B4FA2}.Debug|Any CPU.ActiveCfg = Debug|Any CPU
		{941DF647-D876-4A4F-A92A-AD0ABF4B4FA2}.Debug|Any CPU.Build.0 = Debug|Any CPU
		{941DF647-D876-4A4F-A92A-AD0ABF4B4FA2}.Release|Any CPU.ActiveCfg = Release|Any CPU
		{941DF647-D876-4A4F-A92A-AD0ABF4B4FA2}.Release|Any CPU.Build.0 = Release|Any CPU
		{34D67AA1-C947-4B13-92F0-7F98CCC44EA0}.Debug|Any CPU.ActiveCfg = Debug|Any CPU
		{34D67AA1-C947-4B13-92F0-7F98CCC44EA0}.Debug|Any CPU.Build.0 = Debug|Any CPU
		{34D67AA1-C947-4B13-92F0-7F98CCC44EA0}.Release|Any CPU.ActiveCfg = Release|Any CPU
		{34D67AA1-C947-4B13-92F0-7F98CCC44EA0}.Release|Any CPU.Build.0 = Release|Any CPU
		{EB0556E3-E220-4765-9157-BB10B63D9AEF}.Debug|Any CPU.ActiveCfg = Debug|Any CPU
		{EB0556E3-E220-4765-9157-BB10B63D9AEF}.Debug|Any CPU.Build.0 = Debug|Any CPU
		{EB0556E3-E220-4765-9157-BB10B63D9AEF}.Release|Any CPU.ActiveCfg = Release|Any CPU
		{EB0556E3-E220-4765-9157-BB10B63D9AEF}.Release|Any CPU.Build.0 = Release|Any CPU
		{A0EC0BD0-A4BA-4F9B-8C47-2F8ECB67166C}.Debug|Any CPU.ActiveCfg = Debug|Any CPU
		{A0EC0BD0-A4BA-4F9B-8C47-2F8ECB67166C}.Debug|Any CPU.Build.0 = Debug|Any CPU
		{A0EC0BD0-A4BA-4F9B-8C47-2F8ECB67166C}.Release|Any CPU.ActiveCfg = Release|Any CPU
		{A0EC0BD0-A4BA-4F9B-8C47-2F8ECB67166C}.Release|Any CPU.Build.0 = Release|Any CPU
		{0659BD1B-0FF8-428C-A4D8-B4F389E39896}.Debug|Any CPU.ActiveCfg = Debug|Any CPU
		{0659BD1B-0FF8-428C-A4D8-B4F389E39896}.Debug|Any CPU.Build.0 = Debug|Any CPU
		{0659BD1B-0FF8-428C-A4D8-B4F389E39896}.Release|Any CPU.ActiveCfg = Release|Any CPU
		{0659BD1B-0FF8-428C-A4D8-B4F389E39896}.Release|Any CPU.Build.0 = Release|Any CPU
		{CED7F51D-EA1C-4099-A5A5-C0202181C819}.Debug|Any CPU.ActiveCfg = Debug|Any CPU
		{CED7F51D-EA1C-4099-A5A5-C0202181C819}.Debug|Any CPU.Build.0 = Debug|Any CPU
		{CED7F51D-EA1C-4099-A5A5-C0202181C819}.Release|Any CPU.ActiveCfg = Release|Any CPU
		{CED7F51D-EA1C-4099-A5A5-C0202181C819}.Release|Any CPU.Build.0 = Release|Any CPU
		{26A9B179-89B9-4C7A-8576-2D8C5A4D55E7}.Debug|Any CPU.ActiveCfg = Debug|Any CPU
		{26A9B179-89B9-4C7A-8576-2D8C5A4D55E7}.Debug|Any CPU.Build.0 = Debug|Any CPU
		{26A9B179-89B9-4C7A-8576-2D8C5A4D55E7}.Release|Any CPU.ActiveCfg = Release|Any CPU
		{26A9B179-89B9-4C7A-8576-2D8C5A4D55E7}.Release|Any CPU.Build.0 = Release|Any CPU
		{8DF9407C-23B0-40B0-B926-6480CDA6DAB1}.Debug|Any CPU.ActiveCfg = Debug|Any CPU
		{8DF9407C-23B0-40B0-B926-6480CDA6DAB1}.Debug|Any CPU.Build.0 = Debug|Any CPU
		{8DF9407C-23B0-40B0-B926-6480CDA6DAB1}.Release|Any CPU.ActiveCfg = Release|Any CPU
		{8DF9407C-23B0-40B0-B926-6480CDA6DAB1}.Release|Any CPU.Build.0 = Release|Any CPU
		{B11099C7-42DA-44B7-904C-AC1B5856E843}.Debug|Any CPU.ActiveCfg = Debug|Any CPU
		{B11099C7-42DA-44B7-904C-AC1B5856E843}.Debug|Any CPU.Build.0 = Debug|Any CPU
		{B11099C7-42DA-44B7-904C-AC1B5856E843}.Release|Any CPU.ActiveCfg = Release|Any CPU
		{B11099C7-42DA-44B7-904C-AC1B5856E843}.Release|Any CPU.Build.0 = Release|Any CPU
		{C266647A-C0A0-4DF1-8B23-16BC415AB31D}.Debug|Any CPU.ActiveCfg = Debug|Any CPU
		{C266647A-C0A0-4DF1-8B23-16BC415AB31D}.Debug|Any CPU.Build.0 = Debug|Any CPU
		{C266647A-C0A0-4DF1-8B23-16BC415AB31D}.Release|Any CPU.ActiveCfg = Release|Any CPU
		{C266647A-C0A0-4DF1-8B23-16BC415AB31D}.Release|Any CPU.Build.0 = Release|Any CPU
		{ACFC294A-4E52-4254-A54A-F94D6FD56ED6}.Debug|Any CPU.ActiveCfg = Debug|Any CPU
		{ACFC294A-4E52-4254-A54A-F94D6FD56ED6}.Debug|Any CPU.Build.0 = Debug|Any CPU
		{ACFC294A-4E52-4254-A54A-F94D6FD56ED6}.Release|Any CPU.ActiveCfg = Release|Any CPU
		{ACFC294A-4E52-4254-A54A-F94D6FD56ED6}.Release|Any CPU.Build.0 = Release|Any CPU
		{2F4D6712-E0E2-42FE-9550-8C8C26935B05}.Debug|Any CPU.ActiveCfg = Debug|Any CPU
		{2F4D6712-E0E2-42FE-9550-8C8C26935B05}.Debug|Any CPU.Build.0 = Debug|Any CPU
		{2F4D6712-E0E2-42FE-9550-8C8C26935B05}.Release|Any CPU.ActiveCfg = Release|Any CPU
		{2F4D6712-E0E2-42FE-9550-8C8C26935B05}.Release|Any CPU.Build.0 = Release|Any CPU
		{44DB8D54-4AF0-4E1E-90CE-011ED4074E58}.Debug|Any CPU.ActiveCfg = Debug|Any CPU
		{44DB8D54-4AF0-4E1E-90CE-011ED4074E58}.Debug|Any CPU.Build.0 = Debug|Any CPU
		{44DB8D54-4AF0-4E1E-90CE-011ED4074E58}.Release|Any CPU.ActiveCfg = Release|Any CPU
		{44DB8D54-4AF0-4E1E-90CE-011ED4074E58}.Release|Any CPU.Build.0 = Release|Any CPU
		{E6752209-A4B1-4858-8C85-DA552241B946}.Debug|Any CPU.ActiveCfg = Debug|Any CPU
		{E6752209-A4B1-4858-8C85-DA552241B946}.Debug|Any CPU.Build.0 = Debug|Any CPU
		{E6752209-A4B1-4858-8C85-DA552241B946}.Release|Any CPU.ActiveCfg = Release|Any CPU
		{E6752209-A4B1-4858-8C85-DA552241B946}.Release|Any CPU.Build.0 = Release|Any CPU
		{B1C29481-701D-4593-A5C9-EEAF25A83C84}.Debug|Any CPU.ActiveCfg = Debug|Any CPU
		{B1C29481-701D-4593-A5C9-EEAF25A83C84}.Debug|Any CPU.Build.0 = Debug|Any CPU
		{B1C29481-701D-4593-A5C9-EEAF25A83C84}.Release|Any CPU.ActiveCfg = Release|Any CPU
		{B1C29481-701D-4593-A5C9-EEAF25A83C84}.Release|Any CPU.Build.0 = Release|Any CPU
		{7394FD79-DC74-49C1-BF98-5DA381661C27}.Debug|Any CPU.ActiveCfg = Debug|Any CPU
		{7394FD79-DC74-49C1-BF98-5DA381661C27}.Debug|Any CPU.Build.0 = Debug|Any CPU
		{7394FD79-DC74-49C1-BF98-5DA381661C27}.Release|Any CPU.ActiveCfg = Release|Any CPU
		{7394FD79-DC74-49C1-BF98-5DA381661C27}.Release|Any CPU.Build.0 = Release|Any CPU
		{07DCD80A-7445-4F15-BF22-5D6C3261081E}.Debug|Any CPU.ActiveCfg = Debug|Any CPU
		{07DCD80A-7445-4F15-BF22-5D6C3261081E}.Debug|Any CPU.Build.0 = Debug|Any CPU
		{07DCD80A-7445-4F15-BF22-5D6C3261081E}.Release|Any CPU.ActiveCfg = Release|Any CPU
		{07DCD80A-7445-4F15-BF22-5D6C3261081E}.Release|Any CPU.Build.0 = Release|Any CPU
		{F1782D31-F095-41B2-B8E2-09B817A1A09A}.Debug|Any CPU.ActiveCfg = Debug|Any CPU
		{F1782D31-F095-41B2-B8E2-09B817A1A09A}.Debug|Any CPU.Build.0 = Debug|Any CPU
		{F1782D31-F095-41B2-B8E2-09B817A1A09A}.Release|Any CPU.ActiveCfg = Release|Any CPU
		{F1782D31-F095-41B2-B8E2-09B817A1A09A}.Release|Any CPU.Build.0 = Release|Any CPU
		{F1A13BFD-E004-4266-B0B4-BDFE1EA18947}.Debug|Any CPU.ActiveCfg = Debug|Any CPU
		{F1A13BFD-E004-4266-B0B4-BDFE1EA18947}.Debug|Any CPU.Build.0 = Debug|Any CPU
		{F1A13BFD-E004-4266-B0B4-BDFE1EA18947}.Release|Any CPU.ActiveCfg = Release|Any CPU
		{F1A13BFD-E004-4266-B0B4-BDFE1EA18947}.Release|Any CPU.Build.0 = Release|Any CPU
		{265657F6-FFFE-4902-AD16-D59E24B91FA5}.Debug|Any CPU.ActiveCfg = Debug|Any CPU
		{265657F6-FFFE-4902-AD16-D59E24B91FA5}.Debug|Any CPU.Build.0 = Debug|Any CPU
		{265657F6-FFFE-4902-AD16-D59E24B91FA5}.Release|Any CPU.ActiveCfg = Release|Any CPU
		{265657F6-FFFE-4902-AD16-D59E24B91FA5}.Release|Any CPU.Build.0 = Release|Any CPU
		{86F901A2-5983-4F42-A0E5-92DF35F8BCF5}.Debug|Any CPU.ActiveCfg = Debug|Any CPU
		{86F901A2-5983-4F42-A0E5-92DF35F8BCF5}.Debug|Any CPU.Build.0 = Debug|Any CPU
		{86F901A2-5983-4F42-A0E5-92DF35F8BCF5}.Release|Any CPU.ActiveCfg = Release|Any CPU
		{86F901A2-5983-4F42-A0E5-92DF35F8BCF5}.Release|Any CPU.Build.0 = Release|Any CPU
		{D0E561C9-0E4F-4F79-84FE-9F1527BA65CE}.Debug|Any CPU.ActiveCfg = Debug|Any CPU
		{D0E561C9-0E4F-4F79-84FE-9F1527BA65CE}.Debug|Any CPU.Build.0 = Debug|Any CPU
		{D0E561C9-0E4F-4F79-84FE-9F1527BA65CE}.Release|Any CPU.ActiveCfg = Release|Any CPU
		{D0E561C9-0E4F-4F79-84FE-9F1527BA65CE}.Release|Any CPU.Build.0 = Release|Any CPU
		{484F8DAF-BB31-4501-9C87-5635946EBA60}.Debug|Any CPU.ActiveCfg = Debug|Any CPU
		{484F8DAF-BB31-4501-9C87-5635946EBA60}.Debug|Any CPU.Build.0 = Debug|Any CPU
		{484F8DAF-BB31-4501-9C87-5635946EBA60}.Release|Any CPU.ActiveCfg = Release|Any CPU
		{484F8DAF-BB31-4501-9C87-5635946EBA60}.Release|Any CPU.Build.0 = Release|Any CPU
	EndGlobalSection
	GlobalSection(SolutionProperties) = preSolution
		HideSolutionNode = FALSE
	EndGlobalSection
	GlobalSection(NestedProjects) = preSolution
		{00BF86EF-D8E9-4B18-A848-57FB630851B2} = {67186A2A-031E-4B97-B51C-939CAF850E20}
		{609E7253-0104-4CEB-BB78-0D62F61EF69A} = {19C3DA76-D55E-4E44-BCE0-07BC181C8BA8}
		{F6ABBE78-8FCA-4AEE-96CF-80D56734119D} = {19C3DA76-D55E-4E44-BCE0-07BC181C8BA8}
		{CBAFB01F-8C5F-45AB-89DA-70CD8C90F43D} = {19C3DA76-D55E-4E44-BCE0-07BC181C8BA8}
		{52AB2EEF-6593-410A-AC33-C69BB069A2A3} = {19C3DA76-D55E-4E44-BCE0-07BC181C8BA8}
		{667B7C98-2DFB-4F24-9898-2026E5BF3018} = {19C3DA76-D55E-4E44-BCE0-07BC181C8BA8}
		{34D67AA1-C947-4B13-92F0-7F98CCC44EA0} = {19C3DA76-D55E-4E44-BCE0-07BC181C8BA8}
		{EB0556E3-E220-4765-9157-BB10B63D9AEF} = {19C3DA76-D55E-4E44-BCE0-07BC181C8BA8}
		{0659BD1B-0FF8-428C-A4D8-B4F389E39896} = {19C3DA76-D55E-4E44-BCE0-07BC181C8BA8}
		{CED7F51D-EA1C-4099-A5A5-C0202181C819} = {19C3DA76-D55E-4E44-BCE0-07BC181C8BA8}
		{26A9B179-89B9-4C7A-8576-2D8C5A4D55E7} = {19C3DA76-D55E-4E44-BCE0-07BC181C8BA8}
		{C266647A-C0A0-4DF1-8B23-16BC415AB31D} = {19C3DA76-D55E-4E44-BCE0-07BC181C8BA8}
		{ACFC294A-4E52-4254-A54A-F94D6FD56ED6} = {19C3DA76-D55E-4E44-BCE0-07BC181C8BA8}
		{07DCD80A-7445-4F15-BF22-5D6C3261081E} = {19C3DA76-D55E-4E44-BCE0-07BC181C8BA8}
		{86F901A2-5983-4F42-A0E5-92DF35F8BCF5} = {19C3DA76-D55E-4E44-BCE0-07BC181C8BA8}
		{D0E561C9-0E4F-4F79-84FE-9F1527BA65CE} = {19C3DA76-D55E-4E44-BCE0-07BC181C8BA8}
	EndGlobalSection
	GlobalSection(ExtensibilityGlobals) = postSolution
		SolutionGuid = {51DC5150-718B-4283-8F83-9455EE93E36E}
	EndGlobalSection
EndGlobal
